
Microsoft Visual Studio Solution File, Format Version 12.00
# Visual Studio Version 17
VisualStudioVersion = 17.0.32112.339
MinimumVisualStudioVersion = 10.0.40219.1
Project("{FAE04EC0-301F-11D3-BF4B-00C04F79EFBC}") = "CoreKeeperAutoFish", "CoreKeeperAutoFish\CoreKeeperAutoFish.csproj", "{B99BE6E7-3348-4568-A7DC-964E9FBA9117}"
EndProject
Global
	GlobalSection(SolutionConfigurationPlatforms) = preSolution
		Debug|Any CPU = Debug|Any CPU
		Release|Any CPU = Release|Any CPU
	EndGlobalSection
	GlobalSection(ProjectConfigurationPlatforms) = postSolution
		{B99BE6E7-3348-4568-A7DC-964E9FBA9117}.Debug|Any CPU.ActiveCfg = Debug|Any CPU
		{B99BE6E7-3348-4568-A7DC-964E9FBA9117}.Debug|Any CPU.Build.0 = Debug|Any CPU
		{B99BE6E7-3348-4568-A7DC-964E9FBA9117}.Release|Any CPU.ActiveCfg = Release|Any CPU
		{B99BE6E7-3348-4568-A7DC-964E9FBA9117}.Release|Any CPU.Build.0 = Release|Any CPU
	EndGlobalSection
	GlobalSection(SolutionProperties) = preSolution
		HideSolutionNode = FALSE
	EndGlobalSection
	GlobalSection(ExtensibilityGlobals) = postSolution
		SolutionGuid = {D3A1B1D6-1184-44DE-B6FE-0329F4CDC33E}
	EndGlobalSection
EndGlobal
